
Microsoft Visual Studio Solution File, Format Version 12.00
# Visual Studio Version 17
VisualStudioVersion = 17.14.36915.13 d17.14
MinimumVisualStudioVersion = 10.0.40219.1
Project("{FAE04EC0-301F-11D3-BF4B-00C04F79EFBC}") = "CareerCounsellingApp", "CareerCounsellingApp\CareerCounsellingApp.csproj", "{BEF2AFE2-6AB7-49A8-8FED-A54EF17B7F4C}"
EndProject
Global
	GlobalSection(SolutionConfigurationPlatforms) = preSolution
		Debug|Any CPU = Debug|Any CPU
		Release|Any CPU = Release|Any CPU
	EndGlobalSection
	GlobalSection(ProjectConfigurationPlatforms) = postSolution
		{BEF2AFE2-6AB7-49A8-8FED-A54EF17B7F4C}.Debug|Any CPU.ActiveCfg = Debug|Any CPU
		{BEF2AFE2-6AB7-49A8-8FED-A54EF17B7F4C}.Debug|Any CPU.Build.0 = Debug|Any CPU
		{BEF2AFE2-6AB7-49A8-8FED-A54EF17B7F4C}.Release|Any CPU.ActiveCfg = Release|Any CPU
		{BEF2AFE2-6AB7-49A8-8FED-A54EF17B7F4C}.Release|Any CPU.Build.0 = Release|Any CPU
	EndGlobalSection
	GlobalSection(SolutionProperties) = preSolution
		HideSolutionNode = FALSE
	EndGlobalSection
	GlobalSection(ExtensibilityGlobals) = postSolution
		SolutionGuid = {CE9E807E-196A-43DA-8322-A62970173875}
	EndGlobalSection
EndGlobal
